
Microsoft Visual Studio Solution File, Format Version 12.00
# Visual Studio Version 17
VisualStudioVersion = 17.13.35825.156 d17.13
MinimumVisualStudioVersion = 10.0.40219.1
Project("{FAE04EC0-301F-11D3-BF4B-00C04F79EFBC}") = "OrderRangeApp", "OrderRangeApp\OrderRangeApp.csproj", "{510F073B-C628-46FA-9B75-B7A6885371AF}"
EndProject
Global
	GlobalSection(SolutionConfigurationPlatforms) = preSolution
		Debug|Any CPU = Debug|Any CPU
		Release|Any CPU = Release|Any CPU
	EndGlobalSection
	GlobalSection(ProjectConfigurationPlatforms) = postSolution
		{510F073B-C628-46FA-9B75-B7A6885371AF}.Debug|Any CPU.ActiveCfg = Debug|Any CPU
		{510F073B-C628-46FA-9B75-B7A6885371AF}.Debug|Any CPU.Build.0 = Debug|Any CPU
		{510F073B-C628-46FA-9B75-B7A6885371AF}.Release|Any CPU.ActiveCfg = Release|Any CPU
		{510F073B-C628-46FA-9B75-B7A6885371AF}.Release|Any CPU.Build.0 = Release|Any CPU
	EndGlobalSection
	GlobalSection(SolutionProperties) = preSolution
		HideSolutionNode = FALSE
	EndGlobalSection
	GlobalSection(ExtensibilityGlobals) = postSolution
		SolutionGuid = {9BEDEB13-32FC-4418-AB24-CD187DD39E07}
	EndGlobalSection
EndGlobal
